PODS:
  - AppAuth (1.3.0):
    - AppAuth/Core (= 1.3.0)
    - AppAuth/ExternalUserAgent (= 1.3.0)
  - AppAuth/Core (1.3.0)
  - AppAuth/ExternalUserAgent (1.3.0)
  - boost-for-react-native (1.63.0)
  - Crashlytics (3.14.0):
    - Fabric (~> 1.10.2)
  - DoubleConversion (1.1.6)
  - Fabric (1.10.2)
  - FBLazyVector (0.62.1)
  - FBReactNativeSpec (0.62.1):
    - Folly (= 2018.10.22.00)
    - RCTRequired (= 0.62.1)
    - RCTTypeSafety (= 0.62.1)
    - React-Core (= 0.62.1)
    - React-jsi (= 0.62.1)
    - ReactCommon/turbomodule/core (= 0.62.1)
  - Firebase/Core (6.25.0):
    - Firebase/CoreOnly
    - FirebaseAnalytics (= 6.5.1)
  - Firebase/CoreOnly (6.25.0):
    - FirebaseCore (= 6.7.1)
  - Firebase/Messaging (6.25.0):
    - Firebase/CoreOnly
    - FirebaseMessaging (~> 4.4.1)
  - FirebaseAnalytics (6.5.1):
    - FirebaseCore (~> 6.7)
    - FirebaseInstallations (~> 1.2)
    - GoogleAppMeasurement (= 6.5.1)
    - GoogleUtilities/AppDelegateSwizzler (~> 6.0)
    - GoogleUtilities/MethodSwizzler (~> 6.0)
    - GoogleUtilities/Network (~> 6.0)
    - "GoogleUtilities/NSData+zlib (~> 6.0)"
    - nanopb (~> 1.30905.0)
  - FirebaseAnalyticsInterop (1.5.0)
  - FirebaseCore (6.7.1):
    - FirebaseCoreDiagnostics (~> 1.3)
    - FirebaseCoreDiagnosticsInterop (~> 1.2)
    - GoogleUtilities/Environment (~> 6.5)
    - GoogleUtilities/Logger (~> 6.5)
  - FirebaseCoreDiagnostics (1.3.0):
    - FirebaseCoreDiagnosticsInterop (~> 1.2)
    - GoogleDataTransportCCTSupport (~> 3.1)
    - GoogleUtilities/Environment (~> 6.5)
    - GoogleUtilities/Logger (~> 6.5)
    - nanopb (~> 1.30905.0)
  - FirebaseCoreDiagnosticsInterop (1.2.0)
  - FirebaseInstallations (1.2.0):
    - FirebaseCore (~> 6.6)
    - GoogleUtilities/Environment (~> 6.6)
    - GoogleUtilities/UserDefaults (~> 6.6)
    - PromisesObjC (~> 1.2)
  - FirebaseInstanceID (4.3.4):
    - FirebaseCore (~> 6.6)
    - FirebaseInstallations (~> 1.0)
    - GoogleUtilities/Environment (~> 6.5)
    - GoogleUtilities/UserDefaults (~> 6.5)
  - FirebaseMessaging (4.4.1):
    - FirebaseAnalyticsInterop (~> 1.5)
    - FirebaseCore (~> 6.6)
    - FirebaseInstanceID (~> 4.3)
    - GoogleUtilities/AppDelegateSwizzler (~> 6.5)
    - GoogleUtilities/Environment (~> 6.5)
    - GoogleUtilities/Reachability (~> 6.5)
    - GoogleUtilities/UserDefaults (~> 6.5)
    - Protobuf (>= 3.9.2, ~> 3.9)
  - Folly (2018.10.22.00):
    - boost-for-react-native
    - DoubleConversion
    - Folly/Default (= 2018.10.22.00)
    - glog
  - Folly/Default (2018.10.22.00):
    - boost-for-react-native
    - DoubleConversion
    - glog
  - glog (0.3.5)
  - GoogleAppMeasurement (6.5.1):
    - GoogleUtilities/AppDelegateSwizzler (~> 6.0)
    - GoogleUtilities/MethodSwizzler (~> 6.0)
    - GoogleUtilities/Network (~> 6.0)
    - "GoogleUtilities/NSData+zlib (~> 6.0)"
    - nanopb (~> 1.30905.0)
  - GoogleDataTransport (6.1.1)
  - GoogleDataTransportCCTSupport (3.1.0):
    - GoogleDataTransport (~> 6.1)
    - nanopb (~> 1.30905.0)
  - GoogleSignIn (5.0.2):
    - AppAuth (~> 1.2)
    - GTMAppAuth (~> 1.0)
    - GTMSessionFetcher/Core (~> 1.1)
  - GoogleUtilities/AppDelegateSwizzler (6.6.0):
    - GoogleUtilities/Environment
    - GoogleUtilities/Logger
    - GoogleUtilities/Network
  - GoogleUtilities/Environment (6.6.0):
    - PromisesObjC (~> 1.2)
  - GoogleUtilities/Logger (6.6.0):
    - GoogleUtilities/Environment
  - GoogleUtilities/MethodSwizzler (6.6.0):
    - GoogleUtilities/Logger
  - GoogleUtilities/Network (6.6.0):
    - GoogleUtilities/Logger
    - "GoogleUtilities/NSData+zlib"
    - GoogleUtilities/Reachability
  - "GoogleUtilities/NSData+zlib (6.6.0)"
  - GoogleUtilities/Reachability (6.6.0):
    - GoogleUtilities/Logger
  - GoogleUtilities/UserDefaults (6.6.0):
    - GoogleUtilities/Logger
  - GTMAppAuth (1.0.0):
    - AppAuth/Core (~> 1.0)
    - GTMSessionFetcher (~> 1.1)
  - GTMSessionFetcher (1.4.0):
    - GTMSessionFetcher/Full (= 1.4.0)
  - GTMSessionFetcher/Core (1.4.0)
  - GTMSessionFetcher/Full (1.4.0):
    - GTMSessionFetcher/Core (= 1.4.0)
  - nanopb (1.30905.0):
    - nanopb/decode (= 1.30905.0)
    - nanopb/encode (= 1.30905.0)
  - nanopb/decode (1.30905.0)
  - nanopb/encode (1.30905.0)
  - Permission-LocationAlways (2.1.5):
    - RNPermissions
  - Permission-LocationWhenInUse (2.1.5):
    - RNPermissions
  - PromisesObjC (1.2.8)
  - Protobuf (3.12.0)
  - RCTRequired (0.62.1)
  - RCTTypeSafety (0.62.1):
    - FBLazyVector (= 0.62.1)
    - Folly (= 2018.10.22.00)
    - RCTRequired (= 0.62.1)
    - React-Core (= 0.62.1)
  - React (0.62.1):
    - React-Core (= 0.62.1)
    - React-Core/DevSupport (= 0.62.1)
    - React-Core/RCTWebSocket (= 0.62.1)
    - React-RCTActionSheet (= 0.62.1)
    - React-RCTAnimation (= 0.62.1)
    - React-RCTBlob (= 0.62.1)
    - React-RCTImage (= 0.62.1)
    - React-RCTLinking (= 0.62.1)
    - React-RCTNetwork (= 0.62.1)
    - React-RCTSettings (= 0.62.1)
    - React-RCTText (= 0.62.1)
    - React-RCTVibration (= 0.62.1)
  - React-Core (0.62.1):
    - Folly (= 2018.10.22.00)
    - glog
    - React-Core/Default (= 0.62.1)
    - React-cxxreact (= 0.62.1)
    - React-jsi (= 0.62.1)
    - React-jsiexecutor (= 0.62.1)
    - Yoga
  - React-Core/CoreModulesHeaders (0.62.1):
    - Folly (= 2018.10.22.00)
    - glog
    - React-Core/Default
    - React-cxxreact (= 0.62.1)
    - React-jsi (= 0.62.1)
    - React-jsiexecutor (= 0.62.1)
    - Yoga
  - React-Core/Default (0.62.1):
    - Folly (= 2018.10.22.00)
    - glog
    - React-cxxreact (= 0.62.1)
    - React-jsi (= 0.62.1)
    - React-jsiexecutor (= 0.62.1)
    - Yoga
  - React-Core/DevSupport (0.62.1):
    - Folly (= 2018.10.22.00)
    - glog
    - React-Core/Default (= 0.62.1)
    - React-Core/RCTWebSocket (= 0.62.1)
    - React-cxxreact (= 0.62.1)
    - React-jsi (= 0.62.1)
    - React-jsiexecutor (= 0.62.1)
    - React-jsinspector (= 0.62.1)
    - Yoga
  - React-Core/RCTActionSheetHeaders (0.62.1):
    - Folly (= 2018.10.22.00)
    - glog
    - React-Core/Default
    - React-cxxreact (= 0.62.1)
    - React-jsi (= 0.62.1)
    - React-jsiexecutor (= 0.62.1)
    - Yoga
  - React-Core/RCTAnimationHeaders (0.62.1):
    - Folly (= 2018.10.22.00)
    - glog
    - React-Core/Default
    - React-cxxreact (= 0.62.1)
    - React-jsi (= 0.62.1)
    - React-jsiexecutor (= 0.62.1)
    - Yoga
  - React-Core/RCTBlobHeaders (0.62.1):
    - Folly (= 2018.10.22.00)
    - glog
    - React-Core/Default
    - React-cxxreact (= 0.62.1)
    - React-jsi (= 0.62.1)
    - React-jsiexecutor (= 0.62.1)
    - Yoga
  - React-Core/RCTImageHeaders (0.62.1):
    - Folly (= 2018.10.22.00)
    - glog
    - React-Core/Default
    - React-cxxreact (= 0.62.1)
    - React-jsi (= 0.62.1)
    - React-jsiexecutor (= 0.62.1)
    - Yoga
  - React-Core/RCTLinkingHeaders (0.62.1):
    - Folly (= 2018.10.22.00)
    - glog
    - React-Core/Default
    - React-cxxreact (= 0.62.1)
    - React-jsi (= 0.62.1)
    - React-jsiexecutor (= 0.62.1)
    - Yoga
  - React-Core/RCTNetworkHeaders (0.62.1):
    - Folly (= 2018.10.22.00)
    - glog
    - React-Core/Default
    - React-cxxreact (= 0.62.1)
    - React-jsi (= 0.62.1)
    - React-jsiexecutor (= 0.62.1)
    - Yoga
  - React-Core/RCTSettingsHeaders (0.62.1):
    - Folly (= 2018.10.22.00)
    - glog
    - React-Core/Default
    - React-cxxreact (= 0.62.1)
    - React-jsi (= 0.62.1)
    - React-jsiexecutor (= 0.62.1)
    - Yoga
  - React-Core/RCTTextHeaders (0.62.1):
    - Folly (= 2018.10.22.00)
    - glog
    - React-Core/Default
    - React-cxxreact (= 0.62.1)
    - React-jsi (= 0.62.1)
    - React-jsiexecutor (= 0.62.1)
    - Yoga
  - React-Core/RCTVibrationHeaders (0.62.1):
    - Folly (= 2018.10.22.00)
    - glog
    - React-Core/Default
    - React-cxxreact (= 0.62.1)
    - React-jsi (= 0.62.1)
    - React-jsiexecutor (= 0.62.1)
    - Yoga
  - React-Core/RCTWebSocket (0.62.1):
    - Folly (= 2018.10.22.00)
    - glog
    - React-Core/Default (= 0.62.1)
    - React-cxxreact (= 0.62.1)
    - React-jsi (= 0.62.1)
    - React-jsiexecutor (= 0.62.1)
    - Yoga
  - React-CoreModules (0.62.1):
    - FBReactNativeSpec (= 0.62.1)
    - Folly (= 2018.10.22.00)
    - RCTTypeSafety (= 0.62.1)
    - React-Core/CoreModulesHeaders (= 0.62.1)
    - React-RCTImage (= 0.62.1)
    - ReactCommon/turbomodule/core (= 0.62.1)
  - React-cxxreact (0.62.1):
    - boost-for-react-native (= 1.63.0)
    - DoubleConversion
    - Folly (= 2018.10.22.00)
    - glog
    - React-jsinspector (= 0.62.1)
  - React-jsi (0.62.1):
    - boost-for-react-native (= 1.63.0)
    - DoubleConversion
    - Folly (= 2018.10.22.00)
    - glog
    - React-jsi/Default (= 0.62.1)
  - React-jsi/Default (0.62.1):
    - boost-for-react-native (= 1.63.0)
    - DoubleConversion
    - Folly (= 2018.10.22.00)
    - glog
  - React-jsiexecutor (0.62.1):
    - DoubleConversion
    - Folly (= 2018.10.22.00)
    - glog
    - React-cxxreact (= 0.62.1)
    - React-jsi (= 0.62.1)
  - React-jsinspector (0.62.1)
  - react-native-camera (3.26.0):
    - React
    - react-native-camera/RCT (= 3.26.0)
    - react-native-camera/RN (= 3.26.0)
  - react-native-camera/RCT (3.26.0):
    - React
  - react-native-camera/RN (3.26.0):
    - React
  - react-native-carrier-info (1.1.2):
    - React
  - react-native-geolocation (2.0.2):
    - React
  - react-native-image-picker (2.3.1):
    - React
  - react-native-image-resizer (1.2.0):
    - React
  - react-native-netinfo (5.9.4):
    - React
  - react-native-safe-area-context (0.7.3):
    - React
  - react-native-shimmer (0.6.0):
    - React (>= 0.45.1)
    - Shimmer (~> 1)
  - react-native-voice (1.1.0):
    - React
  - react-native-webview (8.2.1):
    - React
  - React-RCTActionSheet (0.62.1):
    - React-Core/RCTActionSheetHeaders (= 0.62.1)
  - React-RCTAnimation (0.62.1):
    - FBReactNativeSpec (= 0.62.1)
    - Folly (= 2018.10.22.00)
    - RCTTypeSafety (= 0.62.1)
    - React-Core/RCTAnimationHeaders (= 0.62.1)
    - ReactCommon/turbomodule/core (= 0.62.1)
  - React-RCTBlob (0.62.1):
    - FBReactNativeSpec (= 0.62.1)
    - Folly (= 2018.10.22.00)
    - React-Core/RCTBlobHeaders (= 0.62.1)
    - React-Core/RCTWebSocket (= 0.62.1)
    - React-jsi (= 0.62.1)
    - React-RCTNetwork (= 0.62.1)
    - ReactCommon/turbomodule/core (= 0.62.1)
  - React-RCTImage (0.62.1):
    - FBReactNativeSpec (= 0.62.1)
    - Folly (= 2018.10.22.00)
    - RCTTypeSafety (= 0.62.1)
    - React-Core/RCTImageHeaders (= 0.62.1)
    - React-RCTNetwork (= 0.62.1)
    - ReactCommon/turbomodule/core (= 0.62.1)
  - React-RCTLinking (0.62.1):
    - FBReactNativeSpec (= 0.62.1)
    - React-Core/RCTLinkingHeaders (= 0.62.1)
    - ReactCommon/turbomodule/core (= 0.62.1)
  - React-RCTNetwork (0.62.1):
    - FBReactNativeSpec (= 0.62.1)
    - Folly (= 2018.10.22.00)
    - RCTTypeSafety (= 0.62.1)
    - React-Core/RCTNetworkHeaders (= 0.62.1)
    - ReactCommon/turbomodule/core (= 0.62.1)
  - React-RCTSettings (0.62.1):
    - FBReactNativeSpec (= 0.62.1)
    - Folly (= 2018.10.22.00)
    - RCTTypeSafety (= 0.62.1)
    - React-Core/RCTSettingsHeaders (= 0.62.1)
    - ReactCommon/turbomodule/core (= 0.62.1)
  - React-RCTText (0.62.1):
    - React-Core/RCTTextHeaders (= 0.62.1)
  - React-RCTVibration (0.62.1):
    - FBReactNativeSpec (= 0.62.1)
    - Folly (= 2018.10.22.00)
    - React-Core/RCTVibrationHeaders (= 0.62.1)
    - ReactCommon/turbomodule/core (= 0.62.1)
  - ReactCommon/callinvoker (0.62.1):
    - DoubleConversion
    - Folly (= 2018.10.22.00)
    - glog
    - React-cxxreact (= 0.62.1)
  - ReactCommon/turbomodule/core (0.62.1):
    - DoubleConversion
    - Folly (= 2018.10.22.00)
    - glog
    - React-Core (= 0.62.1)
    - React-cxxreact (= 0.62.1)
    - React-jsi (= 0.62.1)
    - ReactCommon/callinvoker (= 0.62.1)
  - RNCAsyncStorage (1.8.1):
    - React
  - RNCMaskedView (0.1.6):
    - React
  - RNCPushNotificationIOS (1.2.2):
    - React
  - RNDateTimePicker (2.2.3):
    - React
  - RNFirebase (5.6.0):
    - Firebase/Core
    - React
    - RNFirebase/Crashlytics (= 5.6.0)
  - RNFirebase/Crashlytics (5.6.0):
    - Crashlytics
    - Fabric
    - Firebase/Core
    - React
  - RNFS (2.16.6):
    - React
  - RNGestureHandler (1.6.0):
    - React
  - RNGoogleSignin (2.1.1):
    - GoogleSignIn (~> 5.0.0)
    - React
  - RNPermissions (2.1.5):
    - React
  - RNReanimated (1.7.0):
    - React
  - RNScreens (2.0.0-beta.13):
    - React
  - RNSound (0.11.0):
    - React
    - RNSound/Core (= 0.11.0)
  - RNSound/Core (0.11.0):
    - React
  - RNSVG (11.0.1):
    - React
  - Shimmer (1.0.2)
  - TextToSpeech (2.0.0):
    - React
  - Yoga (1.14.0)

DEPENDENCIES:
  - DoubleConversion (from `../node_modules/react-native/third-party-podspecs/DoubleConversion.podspec`)
  - FBLazyVector (from `../node_modules/react-native/Libraries/FBLazyVector`)
  - FBReactNativeSpec (from `../node_modules/react-native/Libraries/FBReactNativeSpec`)
  - Firebase/Core
  - Firebase/Messaging
  - Folly (from `../node_modules/react-native/third-party-podspecs/Folly.podspec`)
  - glog (from `../node_modules/react-native/third-party-podspecs/glog.podspec`)
  - Permission-LocationAlways (from `../node_modules/react-native-permissions/ios/LocationAlways.podspec`)
  - Permission-LocationWhenInUse (from `../node_modules/react-native-permissions/ios/LocationWhenInUse.podspec`)
  - RCTRequired (from `../node_modules/react-native/Libraries/RCTRequired`)
  - RCTTypeSafety (from `../node_modules/react-native/Libraries/TypeSafety`)
  - React (from `../node_modules/react-native/`)
  - React-Core (from `../node_modules/react-native/`)
  - React-Core/DevSupport (from `../node_modules/react-native/`)
  - React-Core/RCTWebSocket (from `../node_modules/react-native/`)
  - React-CoreModules (from `../node_modules/react-native/React/CoreModules`)
  - React-cxxreact (from `../node_modules/react-native/ReactCommon/cxxreact`)
  - React-jsi (from `../node_modules/react-native/ReactCommon/jsi`)
  - React-jsiexecutor (from `../node_modules/react-native/ReactCommon/jsiexecutor`)
  - React-jsinspector (from `../node_modules/react-native/ReactCommon/jsinspector`)
  - react-native-camera (from `../node_modules/react-native-camera`)
  - react-native-carrier-info (from `../node_modules/react-native-carrier-info`)
  - "react-native-geolocation (from `../node_modules/@react-native-community/geolocation`)"
  - react-native-image-picker (from `../node_modules/react-native-image-picker`)
  - react-native-image-resizer (from `../node_modules/react-native-image-resizer`)
  - "react-native-netinfo (from `../node_modules/@react-native-community/netinfo`)"
  - react-native-safe-area-context (from `../node_modules/react-native-safe-area-context`)
  - react-native-shimmer (from `../node_modules/react-native-shimmer`)
  - "react-native-voice (from `../node_modules/@react-native-community/voice`)"
  - react-native-webview (from `../node_modules/react-native-webview`)
  - React-RCTActionSheet (from `../node_modules/react-native/Libraries/ActionSheetIOS`)
  - React-RCTAnimation (from `../node_modules/react-native/Libraries/NativeAnimation`)
  - React-RCTBlob (from `../node_modules/react-native/Libraries/Blob`)
  - React-RCTImage (from `../node_modules/react-native/Libraries/Image`)
  - React-RCTLinking (from `../node_modules/react-native/Libraries/LinkingIOS`)
  - React-RCTNetwork (from `../node_modules/react-native/Libraries/Network`)
  - React-RCTSettings (from `../node_modules/react-native/Libraries/Settings`)
  - React-RCTText (from `../node_modules/react-native/Libraries/Text`)
  - React-RCTVibration (from `../node_modules/react-native/Libraries/Vibration`)
  - ReactCommon/callinvoker (from `../node_modules/react-native/ReactCommon`)
  - ReactCommon/turbomodule/core (from `../node_modules/react-native/ReactCommon`)
  - "RNCAsyncStorage (from `../node_modules/@react-native-community/async-storage`)"
  - "RNCMaskedView (from `../node_modules/@react-native-community/masked-view`)"
  - "RNCPushNotificationIOS (from `../node_modules/@react-native-community/push-notification-ios`)"
  - "RNDateTimePicker (from `../node_modules/@react-native-community/datetimepicker`)"
  - RNFirebase (from `../node_modules/react-native-firebase/ios`)
  - RNFS (from `../node_modules/react-native-fs`)
  - RNGestureHandler (from `../node_modules/react-native-gesture-handler`)
  - RNGoogleSignin (from `../node_modules/react-native-google-signin`)
  - RNPermissions (from `../node_modules/react-native-permissions`)
  - RNReanimated (from `../node_modules/react-native-reanimated`)
  - RNScreens (from `../node_modules/react-native-screens`)
  - RNSound (from `../node_modules/react-native-sound`)
  - RNSVG (from `../node_modules/react-native-svg`)
  - TextToSpeech (from `../node_modules/react-native-tts`)
  - Yoga (from `../node_modules/react-native/ReactCommon/yoga`)

SPEC REPOS:
  trunk:
    - AppAuth
    - boost-for-react-native
    - Crashlytics
    - Fabric
    - Firebase
    - FirebaseAnalytics
    - FirebaseAnalyticsInterop
    - FirebaseCore
    - FirebaseCoreDiagnostics
    - FirebaseCoreDiagnosticsInterop
    - FirebaseInstallations
    - FirebaseInstanceID
    - FirebaseMessaging
    - GoogleAppMeasurement
    - GoogleDataTransport
    - GoogleDataTransportCCTSupport
    - GoogleSignIn
    - GoogleUtilities
    - GTMAppAuth
    - GTMSessionFetcher
    - nanopb
    - PromisesObjC
    - Protobuf
    - Shimmer

EXTERNAL SOURCES:
  DoubleConversion:
    :podspec: "../node_modules/react-native/third-party-podspecs/DoubleConversion.podspec"
  FBLazyVector:
    :path: "../node_modules/react-native/Libraries/FBLazyVector"
  FBReactNativeSpec:
    :path: "../node_modules/react-native/Libraries/FBReactNativeSpec"
  Folly:
    :podspec: "../node_modules/react-native/third-party-podspecs/Folly.podspec"
  glog:
    :podspec: "../node_modules/react-native/third-party-podspecs/glog.podspec"
  Permission-LocationAlways:
    :path: "../node_modules/react-native-permissions/ios/LocationAlways.podspec"
  Permission-LocationWhenInUse:
    :path: "../node_modules/react-native-permissions/ios/LocationWhenInUse.podspec"
  RCTRequired:
    :path: "../node_modules/react-native/Libraries/RCTRequired"
  RCTTypeSafety:
    :path: "../node_modules/react-native/Libraries/TypeSafety"
  React:
    :path: "../node_modules/react-native/"
  React-Core:
    :path: "../node_modules/react-native/"
  React-CoreModules:
    :path: "../node_modules/react-native/React/CoreModules"
  React-cxxreact:
    :path: "../node_modules/react-native/ReactCommon/cxxreact"
  React-jsi:
    :path: "../node_modules/react-native/ReactCommon/jsi"
  React-jsiexecutor:
    :path: "../node_modules/react-native/ReactCommon/jsiexecutor"
  React-jsinspector:
    :path: "../node_modules/react-native/ReactCommon/jsinspector"
  react-native-camera:
    :path: "../node_modules/react-native-camera"
  react-native-carrier-info:
    :path: "../node_modules/react-native-carrier-info"
  react-native-geolocation:
    :path: "../node_modules/@react-native-community/geolocation"
  react-native-image-picker:
    :path: "../node_modules/react-native-image-picker"
  react-native-image-resizer:
    :path: "../node_modules/react-native-image-resizer"
  react-native-netinfo:
    :path: "../node_modules/@react-native-community/netinfo"
  react-native-safe-area-context:
    :path: "../node_modules/react-native-safe-area-context"
  react-native-shimmer:
    :path: "../node_modules/react-native-shimmer"
  react-native-voice:
    :path: "../node_modules/@react-native-community/voice"
  react-native-webview:
    :path: "../node_modules/react-native-webview"
  React-RCTActionSheet:
    :path: "../node_modules/react-native/Libraries/ActionSheetIOS"
  React-RCTAnimation:
    :path: "../node_modules/react-native/Libraries/NativeAnimation"
  React-RCTBlob:
    :path: "../node_modules/react-native/Libraries/Blob"
  React-RCTImage:
    :path: "../node_modules/react-native/Libraries/Image"
  React-RCTLinking:
    :path: "../node_modules/react-native/Libraries/LinkingIOS"
  React-RCTNetwork:
    :path: "../node_modules/react-native/Libraries/Network"
  React-RCTSettings:
    :path: "../node_modules/react-native/Libraries/Settings"
  React-RCTText:
    :path: "../node_modules/react-native/Libraries/Text"
  React-RCTVibration:
    :path: "../node_modules/react-native/Libraries/Vibration"
  ReactCommon:
    :path: "../node_modules/react-native/ReactCommon"
  RNCAsyncStorage:
    :path: "../node_modules/@react-native-community/async-storage"
  RNCMaskedView:
    :path: "../node_modules/@react-native-community/masked-view"
  RNCPushNotificationIOS:
    :path: "../node_modules/@react-native-community/push-notification-ios"
  RNDateTimePicker:
    :path: "../node_modules/@react-native-community/datetimepicker"
  RNFirebase:
    :path: "../node_modules/react-native-firebase/ios"
  RNFS:
    :path: "../node_modules/react-native-fs"
  RNGestureHandler:
    :path: "../node_modules/react-native-gesture-handler"
  RNGoogleSignin:
    :path: "../node_modules/react-native-google-signin"
  RNPermissions:
    :path: "../node_modules/react-native-permissions"
  RNReanimated:
    :path: "../node_modules/react-native-reanimated"
  RNScreens:
    :path: "../node_modules/react-native-screens"
  RNSound:
    :path: "../node_modules/react-native-sound"
  RNSVG:
    :path: "../node_modules/react-native-svg"
  TextToSpeech:
    :path: "../node_modules/react-native-tts"
  Yoga:
    :path: "../node_modules/react-native/ReactCommon/yoga"

SPEC CHECKSUMS:
  AppAuth: 73574f3013a1e65b9601a3ddc8b3158cce68c09d
  boost-for-react-native: 39c7adb57c4e60d6c5479dd8623128eb5b3f0f2c
  Crashlytics: 9220f5bc89e7a618df411b4f639389dbfb0e03d2
  DoubleConversion: 5805e889d232975c086db112ece9ed034df7a0b2
  Fabric: ea977e3cd9c20425516d3dafd3bf8c941c51223f
  FBLazyVector: 95ee3e58937a6052f86b0e32f142388c22fa22c5
  FBReactNativeSpec: 26dd6459299e48cd64eb397c45635e466dba9f45
  Firebase: 5719b4f965f76643241a1bb8244483ff6117db39
  FirebaseAnalytics: 93565f3f0f0f50a5d8770850bfe6a82eaba5db27
  FirebaseAnalyticsInterop: 3f86269c38ae41f47afeb43ebf32a001f58fcdae
  FirebaseCore: 6023faeada5afa95a349fccafb40900e32e9ac42
  FirebaseCoreDiagnostics: 4a773a47bd83bbd5a9b1ccf1ce7caa8b2d535e67
  FirebaseCoreDiagnosticsInterop: 296e2c5f5314500a850ad0b83e9e7c10b011a850
  FirebaseInstallations: 2119fb3e46b0a88bfdbf12562f855ee3252462fa
  FirebaseInstanceID: cef67c4967c7cecb56ea65d8acbb4834825c587b
  FirebaseMessaging: 29543feb343b09546ab3aa04d008ee8595b43c44
  Folly: 30e7936e1c45c08d884aa59369ed951a8e68cf51
  glog: 1f3da668190260b06b429bb211bfbee5cd790c28
  GoogleAppMeasurement: 137afe68bfa406c3f4221b9395253d9e5d4654cf
  GoogleDataTransport: ad884314b81cdb808fb1d23787b367ff8da4e28a
  GoogleDataTransportCCTSupport: d70a561f7d236af529fee598835caad5e25f6d3d
  GoogleSignIn: 7137d297ddc022a7e0aa4619c86d72c909fa7213
  GoogleUtilities: 39530bc0ad980530298e9c4af8549e991fd033b1
  GTMAppAuth: 4deac854479704f348309e7b66189e604cf5e01e
  GTMSessionFetcher: 6f5c8abbab8a9bce4bb3f057e317728ec6182b10
  nanopb: c43f40fadfe79e8b8db116583945847910cbabc9
  Permission-LocationAlways: 14ec76aa2912ea3a7ddc5b564d781bff51a5f3c8
  Permission-LocationWhenInUse: 16ecd20d82341c6b4336dfe5520c098bea85a2f5
  PromisesObjC: c119f3cd559f50b7ae681fa59dc1acd19173b7e6
  Protobuf: 2793fcd0622a00b546c60e7cbbcc493e043e9bb9
  RCTRequired: e291538a455f5ad1afc2139a4288990be0cadd46
  RCTTypeSafety: 8b6237185765dd9a03a3647807e08864105b1f95
  React: 7b33e15fab929c47ac9c3c94c409258b13cfe452
  React-Core: 9a164d53492e2d8a84e7acf87988253dff09cf93
  React-CoreModules: 9aba468d44532cbc301e1323a62b3d796c69c26d
  React-cxxreact: 1eed6bc2a4f8e25910994b5dfca1acf1878b25c7
  React-jsi: 600d8e42510c3254fd2abd702f4b9d3f598d8f52
  React-jsiexecutor: e9698dee4fd43ceb44832baf15d5745f455b0157
  React-jsinspector: f74a62727e5604119abd4a1eda52c0a12144bcd5
  react-native-camera: 9e3d60336e221d62e5b72adf551ca31ff74a94b5
  react-native-carrier-info: 1e6299256bd7ceaa36f851b30e071b2b4fc406ad
  react-native-geolocation: cbd9d6bd06bac411eed2671810f454d4908484a8
  react-native-image-picker: 668e72d0277dc8c12ae90e835507c1eddd2e4f85
  react-native-image-resizer: b718335229b7be37c809bf9ed81d7a066fbfd2dd
  react-native-netinfo: eed0fb1d6a9424e98ce686f92aad62ff427d4bc9
  react-native-safe-area-context: 8260e5157617df4b72865f44006797f895b2ada7
  react-native-shimmer: 2fdba9953215a29106febc9d147caa31a0080a8a
  react-native-voice: 1710d09666afdc74410eca181f4a9b4390b799f1
  react-native-webview: d3cf75764f98fd433f1222f5a7ca8e355ada2a15
  React-RCTActionSheet: af8f28dd82fec89b8fe29637b8c779829e016a88
  React-RCTAnimation: 0d21fff7c20fb8ee41de5f2ebb63221127febd96
  React-RCTBlob: 9496bd93130b22069bfbc5d35e98653dae7c35c6
  React-RCTImage: a220d154ab3b92bc8a3d040651a21a047c5876b7
  React-RCTLinking: 07b694640ae4a43e25c0e3e54713345f9ef1a706
  React-RCTNetwork: 043479410782020c2081498b5766db136aea6fe9
  React-RCTSettings: 826bed85c8887cec143f561a27bb3044f28fbde4
  React-RCTText: 239e040f401505001327a109f9188a4e6dad1bd2
  React-RCTVibration: 072c3b427dd29e730c2ee5bfc509cf5054741a50
  ReactCommon: 3585806280c51d5c2c0d3aa5a99014c3badb629d
  RNCAsyncStorage: 00bdf63f7f1e0f11d3323533dba4f222e58bf092
  RNCMaskedView: e5b99bc191945f157adeede68da9d424462de177
  RNCPushNotificationIOS: 375feee5b89ad4aeee8a971f63fe4848902380b7
  RNDateTimePicker: 647f891a27a68b44d012fd7c6183844268ab0342
  RNFirebase: 37daa9a346d070f9f6ee1f3b4aaf4c8e3b1d5d1c
  RNFS: 2bd9eb49dc82fa9676382f0585b992c424cd59df
  RNGestureHandler: dde546180bf24af0b5f737c8ad04b6f3fa51609a
  RNGoogleSignin: 6baed9bb19c9c54614bef63bdc55c381b4e33c44
  RNPermissions: 1888705aebcc81714efa5dbff94351e4388ae012
  RNReanimated: 031fe8d9ea93c2bd689a40f05320ef9d96f74d7f
  RNScreens: ba539a5086136eb356e43699cb588a80369763ca
  RNSound: c980916b596cc15c8dcd2f6ecd3b13c4881dbe20
  RNSVG: 67f1f12dae2cef6ed59a42cae74a6b8f5a9e7b46
  Shimmer: c5374be1c2b0c9e292fb05b339a513cf291cac86
  TextToSpeech: 4e2fc50c7495416c6da5a1662ad3f750c58d3c85
  Yoga: 50fb6eb13d2152e7363293ff603385db380815b1

PODFILE CHECKSUM: c6a89f741cd7c9d2ff6acca726f85c2bf72e865a

COCOAPODS: 1.9.3
